
Microsoft Visual Studio Solution File, Format Version 12.00
# Visual Studio Version 17
VisualStudioVersion = 17.2.32616.157
MinimumVisualStudioVersion = 10.0.40219.1
Project("{FAE04EC0-301F-11D3-BF4B-00C04F79EFBC}") = "InventoryManagement0", "InventoryManagement0.csproj", "{867D599A-C59B-4F81-B856-615AA282F2AB}"
EndProject
Global
	GlobalSection(SolutionConfigurationPlatforms) = preSolution
		Debug|Any CPU = Debug|Any CPU
		Release|Any CPU = Release|Any CPU
	EndGlobalSection
	GlobalSection(ProjectConfigurationPlatforms) = postSolution
		{867D599A-C59B-4F81-B856-615AA282F2AB}.Debug|Any CPU.ActiveCfg = Debug|Any CPU
		{867D599A-C59B-4F81-B856-615AA282F2AB}.Debug|Any CPU.Build.0 = Debug|Any CPU
		{867D599A-C59B-4F81-B856-615AA282F2AB}.Release|Any CPU.ActiveCfg = Release|Any CPU
		{867D599A-C59B-4F81-B856-615AA282F2AB}.Release|Any CPU.Build.0 = Release|Any CPU
	EndGlobalSection
	GlobalSection(SolutionProperties) = preSolution
		HideSolutionNode = FALSE
	EndGlobalSection
	GlobalSection(ExtensibilityGlobals) = postSolution
		SolutionGuid = {8C1D9579-5C27-4864-AFE8-B7492EB84128}
	EndGlobalSection
EndGlobal
